// !$*UTF8*$!
{
	archiveVersion = 1;
	classes = {
	};
	objectVersion = 70;
	objects = {

/* Begin PBXBuildFile section */
		4940A4082CD2CF0200011FEC /* ForgotPasswordView.swift in Sources */ = {isa = PBXBuildFile; fileRef = 4940A4072CD2CF0200011FEC /* ForgotPasswordView.swift */; };
		49D734B92CC68F51007358FF /* ChangePasswordView.swift in Sources */ = {isa = PBXBuildFile; fileRef = 49D734B82CC68F47007358FF /* ChangePasswordView.swift */; };
		8DF046682CADEA8E00D1F8E6 /* LoginView.swift in Sources */ = {isa = PBXBuildFile; fileRef = EF1792FB2CA7408E00E9D691 /* LoginView.swift */; };
		EF1792E72CA73FAD00E9D691 /* NursingHomeLoginPage0927SwiftUIApp.swift in Sources */ = {isa = PBXBuildFile; fileRef = EF1792E62CA73FAD00E9D691 /* NursingHomeLoginPage0927SwiftUIApp.swift */; };
		EF1792E92CA73FAD00E9D691 /* ContentView.swift in Sources */ = {isa = PBXBuildFile; fileRef = EF1792E82CA73FAD00E9D691 /* ContentView.swift */; };
		EF1792EB2CA73FAD00E9D691 /* Assets.xcassets in Resources */ = {isa = PBXBuildFile; fileRef = EF1792EA2CA73FAD00E9D691 /* Assets.xcassets */; };
		EF1792EE2CA73FAD00E9D691 /* Preview Assets.xcassets in Resources */ = {isa = PBXBuildFile; fileRef = EF1792ED2CA73FAD00E9D691 /* Preview Assets.xcassets */; };
		EF1792FE2CA7424000E9D691 /* InputView.swift in Sources */ = {isa = PBXBuildFile; fileRef = EF1792FD2CA7424000E9D691 /* InputView.swift */; };
		EF1793002CA7478300E9D691 /* RegistrationView.swift in Sources */ = {isa = PBXBuildFile; fileRef = EF1792FF2CA7478300E9D691 /* RegistrationView.swift */; };
		EF1793022CA74E2C00E9D691 /* ProfileView.swift in Sources */ = {isa = PBXBuildFile; fileRef = EF1793012CA74E2C00E9D691 /* ProfileView.swift */; };
		EF1793042CA74FCA00E9D691 /* SettingsRowView.swift in Sources */ = {isa = PBXBuildFile; fileRef = EF1793032CA74FCA00E9D691 /* SettingsRowView.swift */; };
		EF1793062CA7520300E9D691 /* User.swift in Sources */ = {isa = PBXBuildFile; fileRef = EF1793052CA7520300E9D691 /* User.swift */; };
		EF17930B2CA757C400E9D691 /* FirebaseAuth in Frameworks */ = {isa = PBXBuildFile; productRef = EF17930A2CA757C400E9D691 /* FirebaseAuth */; };
		EF17930D2CA757C400E9D691 /* FirebaseFirestore in Frameworks */ = {isa = PBXBuildFile; productRef = EF17930C2CA757C400E9D691 /* FirebaseFirestore */; };
		EF17930F2CA757C400E9D691 /* FirebaseStorage in Frameworks */ = {isa = PBXBuildFile; productRef = EF17930E2CA757C400E9D691 /* FirebaseStorage */; };
		EF1793132CA7583900E9D691 /* AuthViewModel.swift in Sources */ = {isa = PBXBuildFile; fileRef = EF1793122CA7583900E9D691 /* AuthViewModel.swift */; };
		EF2A9FB02CC1FBD20053460E /* WeatherManager.swift in Sources */ = {isa = PBXBuildFile; fileRef = EF2A9FAF2CC1FBD20053460E /* WeatherManager.swift */; };
		EF2A9FB42CC1FFAE0053460E /* ModelData.swift in Sources */ = {isa = PBXBuildFile; fileRef = EF2A9FB32CC1FFAE0053460E /* ModelData.swift */; };
		EF2A9FB62CC1FFFA0053460E /* WeatherData.json in Resources */ = {isa = PBXBuildFile; fileRef = EF2A9FB52CC1FFFA0053460E /* WeatherData.json */; };
		EF2A9FB82CC2005C0053460E /* Extensions.swift in Sources */ = {isa = PBXBuildFile; fileRef = EF2A9FB72CC2005C0053460E /* Extensions.swift */; };
		EF2A9FBA2CC202740053460E /* WeatherRow.swift in Sources */ = {isa = PBXBuildFile; fileRef = EF2A9FB92CC202740053460E /* WeatherRow.swift */; };
		EF56384F2CD9480B002AF271 /* HomepageView.swift in Sources */ = {isa = PBXBuildFile; fileRef = EF56384E2CD94809002AF271 /* HomepageView.swift */; };
		EF5638522CD948E1002AF271 /* ActivityModel.swift in Sources */ = {isa = PBXBuildFile; fileRef = EF5638512CD948E0002AF271 /* ActivityModel.swift */; };
		EF5638542CD948F1002AF271 /* ActivityViewModel.swift in Sources */ = {isa = PBXBuildFile; fileRef = EF5638532CD948F0002AF271 /* ActivityViewModel.swift */; };
		EF5638572CD95397002AF271 /* MenuItem.swift in Sources */ = {isa = PBXBuildFile; fileRef = EF5638562CD95396002AF271 /* MenuItem.swift */; };
		EF5638592CD953A7002AF271 /* MenuData.swift in Sources */ = {isa = PBXBuildFile; fileRef = EF5638582CD953A6002AF271 /* MenuData.swift */; };
		EF56385B2CD953E6002AF271 /* MenuViewModel.swift in Sources */ = {isa = PBXBuildFile; fileRef = EF56385A2CD953E6002AF271 /* MenuViewModel.swift */; };
		EF56385D2CD953FB002AF271 /* MenuView.swift in Sources */ = {isa = PBXBuildFile; fileRef = EF56385C2CD953FA002AF271 /* MenuView.swift */; };
		EF5638602CD9573B002AF271 /* info.plist in Resources */ = {isa = PBXBuildFile; fileRef = EF56385F2CD95731002AF271 /* info.plist */; };
		EF6846EA2CD2BDF4003D0885 /* MainTabView.swift in Sources */ = {isa = PBXBuildFile; fileRef = EF6846E92CD2BDF0003D0885 /* MainTabView.swift */; };
		EF8F041F2CB8391800FCEE8C /* GoogleService-Info.plist in Resources */ = {isa = PBXBuildFile; fileRef = EF8F041E2CB8391800FCEE8C /* GoogleService-Info.plist */; };
		EF9775F32CC2D2AA0019CFBA /* SpeechService.swift in Sources */ = {isa = PBXBuildFile; fileRef = EF9775F22CC2D2AA0019CFBA /* SpeechService.swift */; };
		EFAF0CC32CC1F89500070545 /* LocationManager.swift in Sources */ = {isa = PBXBuildFile; fileRef = EFAF0CC22CC1F89500070545 /* LocationManager.swift */; };
		EFAF0CC52CC1FA3B00070545 /* WeatherView.swift in Sources */ = {isa = PBXBuildFile; fileRef = EFAF0CC42CC1FA3B00070545 /* WeatherView.swift */; };
		EFF51F522CDA8E7100EA7AF1 /* AddActivityView.swift in Sources */ = {isa = PBXBuildFile; fileRef = EFF51F512CDA8E7000EA7AF1 /* AddActivityView.swift */; };
		EFF51F542CDA8F6100EA7AF1 /* ActivityCardView.swift in Sources */ = {isa = PBXBuildFile; fileRef = EFF51F532CDA8F6000EA7AF1 /* ActivityCardView.swift */; };
/* End PBXBuildFile section */

/* Begin PBXFileReference section */
		4940A4072CD2CF0200011FEC /* ForgotPasswordView.swift */ = {isa = PBXFileReference; lastKnownFileType = sourcecode.swift; path = ForgotPasswordView.swift; sourceTree = "<group>"; };
		49D734B82CC68F47007358FF /* ChangePasswordView.swift */ = {isa = PBXFileReference; lastKnownFileType = sourcecode.swift; path = ChangePasswordView.swift; sourceTree = "<group>"; };
		EF1792E32CA73FAD00E9D691 /* NursingHomeLoginPage0927SwiftUI.app */ = {isa = PBXFileReference; explicitFileType = wrapper.application; includeInIndex = 0; path = NursingHomeLoginPage0927SwiftUI.app; sourceTree = BUILT_PRODUCTS_DIR; };
		EF1792E62CA73FAD00E9D691 /* NursingHomeLoginPage0927SwiftUIApp.swift */ = {isa = PBXFileReference; lastKnownFileType = sourcecode.swift; path = NursingHomeLoginPage0927SwiftUIApp.swift; sourceTree = "<group>"; };
		EF1792E82CA73FAD00E9D691 /* ContentView.swift */ = {isa = PBXFileReference; lastKnownFileType = sourcecode.swift; path = ContentView.swift; sourceTree = "<group>"; };
		EF1792EA2CA73FAD00E9D691 /* Assets.xcassets */ = {isa = PBXFileReference; lastKnownFileType = folder.assetcatalog; path = Assets.xcassets; sourceTree = "<group>"; };
		EF1792ED2CA73FAD00E9D691 /* Preview Assets.xcassets */ = {isa = PBXFileReference; lastKnownFileType = folder.assetcatalog; path = "Preview Assets.xcassets"; sourceTree = "<group>"; };
		EF1792FB2CA7408E00E9D691 /* LoginView.swift */ = {isa = PBXFileReference; lastKnownFileType = sourcecode.swift; path = LoginView.swift; sourceTree = "<group>"; };
		EF1792FD2CA7424000E9D691 /* InputView.swift */ = {isa = PBXFileReference; lastKnownFileType = sourcecode.swift; path = InputView.swift; sourceTree = "<group>"; };
		EF1792FF2CA7478300E9D691 /* RegistrationView.swift */ = {isa = PBXFileReference; lastKnownFileType = sourcecode.swift; path = RegistrationView.swift; sourceTree = "<group>"; };
		EF1793012CA74E2C00E9D691 /* ProfileView.swift */ = {isa = PBXFileReference; lastKnownFileType = sourcecode.swift; path = ProfileView.swift; sourceTree = "<group>"; };
		EF1793032CA74FCA00E9D691 /* SettingsRowView.swift */ = {isa = PBXFileReference; lastKnownFileType = sourcecode.swift; path = SettingsRowView.swift; sourceTree = "<group>"; };
		EF1793052CA7520300E9D691 /* User.swift */ = {isa = PBXFileReference; lastKnownFileType = sourcecode.swift; path = User.swift; sourceTree = "<group>"; };
		EF1793122CA7583900E9D691 /* AuthViewModel.swift */ = {isa = PBXFileReference; lastKnownFileType = sourcecode.swift; path = AuthViewModel.swift; sourceTree = "<group>"; };
		EF2A9FAF2CC1FBD20053460E /* WeatherManager.swift */ = {isa = PBXFileReference; lastKnownFileType = sourcecode.swift; path = WeatherManager.swift; sourceTree = "<group>"; };
		EF2A9FB32CC1FFAE0053460E /* ModelData.swift */ = {isa = PBXFileReference; lastKnownFileType = sourcecode.swift; path = ModelData.swift; sourceTree = "<group>"; };
		EF2A9FB52CC1FFFA0053460E /* WeatherData.json */ = {isa = PBXFileReference; lastKnownFileType = text.json; path = WeatherData.json; sourceTree = "<group>"; };
		EF2A9FB72CC2005C0053460E /* Extensions.swift */ = {isa = PBXFileReference; lastKnownFileType = sourcecode.swift; path = Extensions.swift; sourceTree = "<group>"; };
		EF2A9FB92CC202740053460E /* WeatherRow.swift */ = {isa = PBXFileReference; lastKnownFileType = sourcecode.swift; path = WeatherRow.swift; sourceTree = "<group>"; };
		EF56384E2CD94809002AF271 /* HomepageView.swift */ = {isa = PBXFileReference; lastKnownFileType = sourcecode.swift; path = HomepageView.swift; sourceTree = "<group>"; };
		EF5638512CD948E0002AF271 /* ActivityModel.swift */ = {isa = PBXFileReference; lastKnownFileType = sourcecode.swift; path = ActivityModel.swift; sourceTree = "<group>"; };
		EF5638532CD948F0002AF271 /* ActivityViewModel.swift */ = {isa = PBXFileReference; lastKnownFileType = sourcecode.swift; path = ActivityViewModel.swift; sourceTree = "<group>"; };
		EF5638562CD95396002AF271 /* MenuItem.swift */ = {isa = PBXFileReference; lastKnownFileType = sourcecode.swift; path = MenuItem.swift; sourceTree = "<group>"; };
		EF5638582CD953A6002AF271 /* MenuData.swift */ = {isa = PBXFileReference; lastKnownFileType = sourcecode.swift; path = MenuData.swift; sourceTree = "<group>"; };
		EF56385A2CD953E6002AF271 /* MenuViewModel.swift */ = {isa = PBXFileReference; lastKnownFileType = sourcecode.swift; path = MenuViewModel.swift; sourceTree = "<group>"; };
		EF56385C2CD953FA002AF271 /* MenuView.swift */ = {isa = PBXFileReference; lastKnownFileType = sourcecode.swift; path = MenuView.swift; sourceTree = "<group>"; };
		EF56385F2CD95731002AF271 /* info.plist */ = {isa = PBXFileReference; lastKnownFileType = text.plist; path = info.plist; sourceTree = "<group>"; };
		EF6846E92CD2BDF0003D0885 /* MainTabView.swift */ = {isa = PBXFileReference; lastKnownFileType = sourcecode.swift; path = MainTabView.swift; sourceTree = "<group>"; };
		EF8F041E2CB8391800FCEE8C /* GoogleService-Info.plist */ = {isa = PBXFileReference; fileEncoding = 4; lastKnownFileType = text.plist.xml; path = "GoogleService-Info.plist"; sourceTree = "<group>"; };
		EF9775F22CC2D2AA0019CFBA /* SpeechService.swift */ = {isa = PBXFileReference; lastKnownFileType = sourcecode.swift; path = SpeechService.swift; sourceTree = "<group>"; };
		EFAF0CC22CC1F89500070545 /* LocationManager.swift */ = {isa = PBXFileReference; lastKnownFileType = sourcecode.swift; path = LocationManager.swift; sourceTree = "<group>"; };
		EFAF0CC42CC1FA3B00070545 /* WeatherView.swift */ = {isa = PBXFileReference; lastKnownFileType = sourcecode.swift; path = WeatherView.swift; sourceTree = "<group>"; };
		EFF51F512CDA8E7000EA7AF1 /* AddActivityView.swift */ = {isa = PBXFileReference; lastKnownFileType = sourcecode.swift; path = AddActivityView.swift; sourceTree = "<group>"; };
		EFF51F532CDA8F6000EA7AF1 /* ActivityCardView.swift */ = {isa = PBXFileReference; lastKnownFileType = sourcecode.swift; path = ActivityCardView.swift; sourceTree = "<group>"; };
/* End PBXFileReference section */

/* Begin PBXFileSystemSynchronizedRootGroup section */
		492B33142CD17DF90031218D /* Calendar */ = {isa = PBXFileSystemSynchronizedRootGroup; explicitFileTypes = {}; explicitFolders = (); path = Calendar; sourceTree = "<group>"; };
		4940A4002CD2AE0A00011FEC /* CalendarView */ = {isa = PBXFileSystemSynchronizedRootGroup; explicitFileTypes = {}; explicitFolders = (); path = CalendarView; sourceTree = "<group>"; };
/* End PBXFileSystemSynchronizedRootGroup section */

/* Begin PBXFrameworksBuildPhase section */
		EF1792E02CA73FAD00E9D691 /* Frameworks */ = {
			isa = PBXFrameworksBuildPhase;
			buildActionMask = 2147483647;
			files = (
				EF17930B2CA757C400E9D691 /* FirebaseAuth in Frameworks */,
				EF17930D2CA757C400E9D691 /* FirebaseFirestore in Frameworks */,
				EF17930F2CA757C400E9D691 /* FirebaseStorage in Frameworks */,
			);
			runOnlyForDeploymentPostprocessing = 0;
		};
/* End PBXFrameworksBuildPhase section */

/* Begin PBXGroup section */
		EF1792DA2CA73FAD00E9D691 = {
			isa = PBXGroup;
			children = (
				EF1792E52CA73FAD00E9D691 /* NursingHomeLoginPage0927SwiftUI */,
				EF1792E42CA73FAD00E9D691 /* Products */,
				EF56384B2CD94576002AF271 /* Recovered References */,
			);
			sourceTree = "<group>";
		};
		EF1792E42CA73FAD00E9D691 /* Products */ = {
			isa = PBXGroup;
			children = (
				EF1792E32CA73FAD00E9D691 /* NursingHomeLoginPage0927SwiftUI.app */,
			);
			name = Products;
			sourceTree = "<group>";
		};
		EF1792E52CA73FAD00E9D691 /* NursingHomeLoginPage0927SwiftUI */ = {
			isa = PBXGroup;
			children = (
				EF56385F2CD95731002AF271 /* info.plist */,
				EF8F041E2CB8391800FCEE8C /* GoogleService-Info.plist */,
				EF1792EA2CA73FAD00E9D691 /* Assets.xcassets */,
				EF1792F42CA73FCF00E9D691 /* App */,
				EF1792F52CA73FD300E9D691 /* Core */,
				EF1792F72CA73FE400E9D691 /* Model */,
				EF1792EC2CA73FAD00E9D691 /* Preview Content */,
			);
			path = NursingHomeLoginPage0927SwiftUI;
			sourceTree = "<group>";
		};
		EF1792EC2CA73FAD00E9D691 /* Preview Content */ = {
			isa = PBXGroup;
			children = (
				EF1792ED2CA73FAD00E9D691 /* Preview Assets.xcassets */,
				EF2A9FB52CC1FFFA0053460E /* WeatherData.json */,
			);
			path = "Preview Content";
			sourceTree = "<group>";
		};
		EF1792F42CA73FCF00E9D691 /* App */ = {
			isa = PBXGroup;
			children = (
				EF1792E62CA73FAD00E9D691 /* NursingHomeLoginPage0927SwiftUIApp.swift */,
				EF1792F62CA73FDA00E9D691 /* Components */,
			);
			path = App;
			sourceTree = "<group>";
		};
		EF1792F52CA73FD300E9D691 /* Core */ = {
			isa = PBXGroup;
			children = (
				EF5638552CD9527E002AF271 /* Menu */,
				EF5638502CD948D5002AF271 /* Activity */,
				EF6846E82CD2BDE7003D0885 /* HomePage */,
				492B33142CD17DF90031218D /* Calendar */,
				EF9775F12CC2D2740019CFBA /* speech */,
				EFAF0CBD2CC1EF0F00070545 /* Weather */,
				EF1792F92CA7401900E9D691 /* Authentication */,
				EF1792FA2CA7402300E9D691 /* Profile */,
				EF1792F82CA73FF200E9D691 /* Root */,
			);
			path = Core;
			sourceTree = "<group>";
		};
		EF1792F62CA73FDA00E9D691 /* Components */ = {
			isa = PBXGroup;
			children = (
				EF1792FD2CA7424000E9D691 /* InputView.swift */,
				EF1793032CA74FCA00E9D691 /* SettingsRowView.swift */,
				EF2A9FB92CC202740053460E /* WeatherRow.swift */,
			);
			path = Components;
			sourceTree = "<group>";
		};
		EF1792F72CA73FE400E9D691 /* Model */ = {
			isa = PBXGroup;
			children = (
				EF1793052CA7520300E9D691 /* User.swift */,
			);
			path = Model;
			sourceTree = "<group>";
		};
		EF1792F82CA73FF200E9D691 /* Root */ = {
			isa = PBXGroup;
			children = (
				EF1792E82CA73FAD00E9D691 /* ContentView.swift */,
			);
			path = Root;
			sourceTree = "<group>";
		};
		EF1792F92CA7401900E9D691 /* Authentication */ = {
			isa = PBXGroup;
			children = (
				EF1793102CA7581400E9D691 /* View */,
				EF1793112CA7581800E9D691 /* ViewModel */,
			);
			path = Authentication;
			sourceTree = "<group>";
		};
		EF1792FA2CA7402300E9D691 /* Profile */ = {
			isa = PBXGroup;
			children = (
				EF1793012CA74E2C00E9D691 /* ProfileView.swift */,
			);
			path = Profile;
			sourceTree = "<group>";
		};
		EF1793102CA7581400E9D691 /* View */ = {
			isa = PBXGroup;
			children = (
				EF1792FB2CA7408E00E9D691 /* LoginView.swift */,
				49D734B82CC68F47007358FF /* ChangePasswordView.swift */,
				4940A4072CD2CF0200011FEC /* ForgotPasswordView.swift */,
				EF1792FF2CA7478300E9D691 /* RegistrationView.swift */,
			);
			path = View;
			sourceTree = "<group>";
		};
		EF1793112CA7581800E9D691 /* ViewModel */ = {
			isa = PBXGroup;
			children = (
				EF1793122CA7583900E9D691 /* AuthViewModel.swift */,
			);
			path = ViewModel;
			sourceTree = "<group>";
		};
		EF2A9FB12CC1FBDC0053460E /* WeatherModel */ = {
			isa = PBXGroup;
			children = (
				EFAF0CC22CC1F89500070545 /* LocationManager.swift */,
				EF2A9FAF2CC1FBD20053460E /* WeatherManager.swift */,
				EF2A9FB32CC1FFAE0053460E /* ModelData.swift */,
			);
			path = WeatherModel;
			sourceTree = "<group>";
		};
		EF2A9FB22CC1FBEB0053460E /* WeatherView */ = {
			isa = PBXGroup;
			children = (
				EFAF0CC42CC1FA3B00070545 /* WeatherView.swift */,
			);
			path = WeatherView;
			sourceTree = "<group>";
		};
		EF56384B2CD94576002AF271 /* Recovered References */ = {
			isa = PBXGroup;
			children = (
				4940A4002CD2AE0A00011FEC /* CalendarView */,
			);
			name = "Recovered References";
			sourceTree = "<group>";
		};
		EF5638502CD948D5002AF271 /* Activity */ = {
			isa = PBXGroup;
			children = (
				EFF51F532CDA8F6000EA7AF1 /* ActivityCardView.swift */,
				EFF51F512CDA8E7000EA7AF1 /* AddActivityView.swift */,
				EF5638532CD948F0002AF271 /* ActivityViewModel.swift */,
				EF5638512CD948E0002AF271 /* ActivityModel.swift */,
			);
			path = Activity;
			sourceTree = "<group>";
		};
		EF5638552CD9527E002AF271 /* Menu */ = {
			isa = PBXGroup;
			children = (
				EF56385C2CD953FA002AF271 /* MenuView.swift */,
				EF56385A2CD953E6002AF271 /* MenuViewModel.swift */,
				EF5638582CD953A6002AF271 /* MenuData.swift */,
				EF5638562CD95396002AF271 /* MenuItem.swift */,
			);
			path = Menu;
			sourceTree = "<group>";
		};
		EF6846E82CD2BDE7003D0885 /* HomePage */ = {
			isa = PBXGroup;
			children = (
				EF56384E2CD94809002AF271 /* HomepageView.swift */,
				EF6846E92CD2BDF0003D0885 /* MainTabView.swift */,
			);
			path = HomePage;
			sourceTree = "<group>";
		};
		EF9775F12CC2D2740019CFBA /* speech */ = {
			isa = PBXGroup;
			children = (
				EF9775F22CC2D2AA0019CFBA /* SpeechService.swift */,
			);
			path = speech;
			sourceTree = "<group>";
		};
		EFAF0CBD2CC1EF0F00070545 /* Weather */ = {
			isa = PBXGroup;
			children = (
				EF2A9FB22CC1FBEB0053460E /* WeatherView */,
				EF2A9FB12CC1FBDC0053460E /* WeatherModel */,
				EF2A9FB72CC2005C0053460E /* Extensions.swift */,
			);
			path = Weather;
			sourceTree = "<group>";
		};
/* End PBXGroup section */

/* Begin PBXNativeTarget section */
		EF1792E22CA73FAD00E9D691 /* NursingHomeLoginPage0927SwiftUI */ = {
			isa = PBXNativeTarget;
			buildConfigurationList = EF1792F12CA73FAD00E9D691 /* Build configuration list for PBXNativeTarget "NursingHomeLoginPage0927SwiftUI" */;
			buildPhases = (
				EF1792DF2CA73FAD00E9D691 /* Sources */,
				EF1792E02CA73FAD00E9D691 /* Frameworks */,
				EF1792E12CA73FAD00E9D691 /* Resources */,
			);
			buildRules = (
			);
			dependencies = (
			);
			fileSystemSynchronizedGroups = (
				492B33142CD17DF90031218D /* Calendar */,
				4940A4002CD2AE0A00011FEC /* CalendarView */,
			);
			name = NursingHomeLoginPage0927SwiftUI;
			packageProductDependencies = (
				EF17930A2CA757C400E9D691 /* FirebaseAuth */,
				EF17930C2CA757C400E9D691 /* FirebaseFirestore */,
				EF17930E2CA757C400E9D691 /* FirebaseStorage */,
			);
			productName = NursingHomeLoginPage0927SwiftUI;
			productReference = EF1792E32CA73FAD00E9D691 /* NursingHomeLoginPage0927SwiftUI.app */;
			productType = "com.apple.product-type.application";
		};
/* End PBXNativeTarget section */

/* Begin PBXProject section */
		EF1792DB2CA73FAD00E9D691 /* Project object */ = {
			isa = PBXProject;
			attributes = {
				BuildIndependentTargetsInParallel = 1;
				LastSwiftUpdateCheck = 1540;
				LastUpgradeCheck = 1540;
				TargetAttributes = {
					EF1792E22CA73FAD00E9D691 = {
						CreatedOnToolsVersion = 15.4;
					};
				};
			};
			buildConfigurationList = EF1792DE2CA73FAD00E9D691 /* Build configuration list for PBXProject "NursingHomeLoginPage0927SwiftUI" */;
			compatibilityVersion = "Xcode 14.0";
			developmentRegion = en;
			hasScannedForEncodings = 0;
			knownRegions = (
				en,
				Base,
			);
			mainGroup = EF1792DA2CA73FAD00E9D691;
			packageReferences = (
				EF1793092CA757C400E9D691 /* XCRemoteSwiftPackageReference "firebase-ios-sdk" */,
			);
			productRefGroup = EF1792E42CA73FAD00E9D691 /* Products */;
			projectDirPath = "";
			projectRoot = "";
			targets = (
				EF1792E22CA73FAD00E9D691 /* NursingHomeLoginPage0927SwiftUI */,
			);
		};
/* End PBXProject section */

/* Begin PBXResourcesBuildPhase section */
		EF1792E12CA73FAD00E9D691 /* Resources */ = {
			isa = PBXResourcesBuildPhase;
			buildActionMask = 2147483647;
			files = (
				EF5638602CD9573B002AF271 /* info.plist in Resources */,
				EF1792EE2CA73FAD00E9D691 /* Preview Assets.xcassets in Resources */,
				EF8F041F2CB8391800FCEE8C /* GoogleService-Info.plist in Resources */,
				EF2A9FB62CC1FFFA0053460E /* WeatherData.json in Resources */,
				EF1792EB2CA73FAD00E9D691 /* Assets.xcassets in Resources */,
			);
			runOnlyForDeploymentPostprocessing = 0;
		};
/* End PBXResourcesBuildPhase section */

/* Begin PBXSourcesBuildPhase section */
		EF1792DF2CA73FAD00E9D691 /* Sources */ = {
			isa = PBXSourcesBuildPhase;
			buildActionMask = 2147483647;
			files = (
				EF2A9FBA2CC202740053460E /* WeatherRow.swift in Sources */,
				EFF51F522CDA8E7100EA7AF1 /* AddActivityView.swift in Sources */,
				EF5638592CD953A7002AF271 /* MenuData.swift in Sources */,
				EFAF0CC52CC1FA3B00070545 /* WeatherView.swift in Sources */,
				EF1792FE2CA7424000E9D691 /* InputView.swift in Sources */,
				49D734B92CC68F51007358FF /* ChangePasswordView.swift in Sources */,
				EF1792E92CA73FAD00E9D691 /* ContentView.swift in Sources */,
				EF2A9FB42CC1FFAE0053460E /* ModelData.swift in Sources */,
				EFAF0CC32CC1F89500070545 /* LocationManager.swift in Sources */,
				EF5638522CD948E1002AF271 /* ActivityModel.swift in Sources */,
				EF1792E72CA73FAD00E9D691 /* NursingHomeLoginPage0927SwiftUIApp.swift in Sources */,
				EFF51F542CDA8F6100EA7AF1 /* ActivityCardView.swift in Sources */,
				EF6846EA2CD2BDF4003D0885 /* MainTabView.swift in Sources */,
				EF9775F32CC2D2AA0019CFBA /* SpeechService.swift in Sources */,
				8DF046682CADEA8E00D1F8E6 /* LoginView.swift in Sources */,
				EF56384F2CD9480B002AF271 /* HomepageView.swift in Sources */,
				EF2A9FB02CC1FBD20053460E /* WeatherManager.swift in Sources */,
				EF1793062CA7520300E9D691 /* User.swift in Sources */,
				EF1793022CA74E2C00E9D691 /* ProfileView.swift in Sources */,
				EF1793002CA7478300E9D691 /* RegistrationView.swift in Sources */,
				EF1793042CA74FCA00E9D691 /* SettingsRowView.swift in Sources */,
				EF1793132CA7583900E9D691 /* AuthViewModel.swift in Sources */,
				EF5638542CD948F1002AF271 /* ActivityViewModel.swift in Sources */,
				EF56385D2CD953FB002AF271 /* MenuView.swift in Sources */,
				EF5638572CD95397002AF271 /* MenuItem.swift in Sources */,
				EF56385B2CD953E6002AF271 /* MenuViewModel.swift in Sources */,
				4940A4082CD2CF0200011FEC /* ForgotPasswordView.swift in Sources */,
				EF2A9FB82CC2005C0053460E /* Extensions.swift in Sources */,
			);
			runOnlyForDeploymentPostprocessing = 0;
		};
/* End PBXSourcesBuildPhase section */

/* Begin XCBuildConfiguration section */
		EF1792EF2CA73FAD00E9D691 /* Debug */ = {
			isa = XCBuildConfiguration;
			buildSettings = {
				ALWAYS_SEARCH_USER_PATHS = NO;
				ASSETCATALOG_COMPILER_GENERATE_SWIFT_ASSET_SYMBOL_EXTENSIONS = YES;
				CLANG_ANALYZER_NONNULL = YES;
				CLANG_ANALYZER_NUMBER_OBJECT_CONVERSION = YES_AGGRESSIVE;
				CLANG_CXX_LANGUAGE_STANDARD = "gnu++20";
				CLANG_ENABLE_MODULES = YES;
				CLANG_ENABLE_OBJC_ARC = YES;
				CLANG_ENABLE_OBJC_WEAK = YES;
				CLANG_WARN_BLOCK_CAPTURE_AUTORELEASING = YES;
				CLANG_WARN_BOOL_CONVERSION = YES;
				CLANG_WARN_COMMA = YES;
				CLANG_WARN_CONSTANT_CONVERSION = YES;
				CLANG_WARN_DEPRECATED_OBJC_IMPLEMENTATIONS = YES;
				CLANG_WARN_DIRECT_OBJC_ISA_USAGE = YES_ERROR;
				CLANG_WARN_DOCUMENTATION_COMMENTS = YES;
				CLANG_WARN_EMPTY_BODY = YES;
				CLANG_WARN_ENUM_CONVERSION = YES;
				CLANG_WARN_INFINITE_RECURSION = YES;
				CLANG_WARN_INT_CONVERSION = YES;
				CLANG_WARN_NON_LITERAL_NULL_CONVERSION = YES;
				CLANG_WARN_OBJC_IMPLICIT_RETAIN_SELF = YES;
				CLANG_WARN_OBJC_LITERAL_CONVERSION = YES;
				CLANG_WARN_OBJC_ROOT_CLASS = YES_ERROR;
				CLANG_WARN_QUOTED_INCLUDE_IN_FRAMEWORK_HEADER = YES;
				CLANG_WARN_RANGE_LOOP_ANALYSIS = YES;
				CLANG_WARN_STRICT_PROTOTYPES = YES;
				CLANG_WARN_SUSPICIOUS_MOVE = YES;
				CLANG_WARN_UNGUARDED_AVAILABILITY = YES_AGGRESSIVE;
				CLANG_WARN_UNREACHABLE_CODE = YES;
				CLANG_WARN__DUPLICATE_METHOD_MATCH = YES;
				COPY_PHASE_STRIP = NO;
				DEBUG_INFORMATION_FORMAT = dwarf;
				ENABLE_STRICT_OBJC_MSGSEND = YES;
				ENABLE_TESTABILITY = YES;
				ENABLE_USER_SCRIPT_SANDBOXING = YES;
				GCC_C_LANGUAGE_STANDARD = gnu17;
				GCC_DYNAMIC_NO_PIC = NO;
				GCC_NO_COMMON_BLOCKS = YES;
				GCC_OPTIMIZATION_LEVEL = 0;
				GCC_PREPROCESSOR_DEFINITIONS = (
					"DEBUG=1",
					"$(inherited)",
				);
				GCC_WARN_64_TO_32_BIT_CONVERSION = YES;
				GCC_WARN_ABOUT_RETURN_TYPE = YES_ERROR;
				GCC_WARN_UNDECLARED_SELECTOR = YES;
				GCC_WARN_UNINITIALIZED_AUTOS = YES_AGGRESSIVE;
				GCC_WARN_UNUSED_FUNCTION = YES;
				GCC_WARN_UNUSED_VARIABLE = YES;
				IPHONEOS_DEPLOYMENT_TARGET = 17.5;
				LOCALIZATION_PREFERS_STRING_CATALOGS = YES;
				MTL_ENABLE_DEBUG_INFO = INCLUDE_SOURCE;
				MTL_FAST_MATH = YES;
				ONLY_ACTIVE_ARCH = YES;
				SDKROOT = iphoneos;
				SWIFT_ACTIVE_COMPILATION_CONDITIONS = "DEBUG $(inherited)";
				SWIFT_OPTIMIZATION_LEVEL = "-Onone";
			};
			name = Debug;
		};
		EF1792F02CA73FAD00E9D691 /* Release */ = {
			isa = XCBuildConfiguration;
			buildSettings = {
				ALWAYS_SEARCH_USER_PATHS = NO;
				ASSETCATALOG_COMPILER_GENERATE_SWIFT_ASSET_SYMBOL_EXTENSIONS = YES;
				CLANG_ANALYZER_NONNULL = YES;
				CLANG_ANALYZER_NUMBER_OBJECT_CONVERSION = YES_AGGRESSIVE;
				CLANG_CXX_LANGUAGE_STANDARD = "gnu++20";
				CLANG_ENABLE_MODULES = YES;
				CLANG_ENABLE_OBJC_ARC = YES;
				CLANG_ENABLE_OBJC_WEAK = YES;
				CLANG_WARN_BLOCK_CAPTURE_AUTORELEASING = YES;
				CLANG_WARN_BOOL_CONVERSION = YES;
				CLANG_WARN_COMMA = YES;
				CLANG_WARN_CONSTANT_CONVERSION = YES;
				CLANG_WARN_DEPRECATED_OBJC_IMPLEMENTATIONS = YES;
				CLANG_WARN_DIRECT_OBJC_ISA_USAGE = YES_ERROR;
				CLANG_WARN_DOCUMENTATION_COMMENTS = YES;
				CLANG_WARN_EMPTY_BODY = YES;
				CLANG_WARN_ENUM_CONVERSION = YES;
				CLANG_WARN_INFINITE_RECURSION = YES;
				CLANG_WARN_INT_CONVERSION = YES;
				CLANG_WARN_NON_LITERAL_NULL_CONVERSION = YES;
				CLANG_WARN_OBJC_IMPLICIT_RETAIN_SELF = YES;
				CLANG_WARN_OBJC_LITERAL_CONVERSION = YES;
				CLANG_WARN_OBJC_ROOT_CLASS = YES_ERROR;
				CLANG_WARN_QUOTED_INCLUDE_IN_FRAMEWORK_HEADER = YES;
				CLANG_WARN_RANGE_LOOP_ANALYSIS = YES;
				CLANG_WARN_STRICT_PROTOTYPES = YES;
				CLANG_WARN_SUSPICIOUS_MOVE = YES;
				CLANG_WARN_UNGUARDED_AVAILABILITY = YES_AGGRESSIVE;
				CLANG_WARN_UNREACHABLE_CODE = YES;
				CLANG_WARN__DUPLICATE_METHOD_MATCH = YES;
				COPY_PHASE_STRIP = NO;
				DEBUG_INFORMATION_FORMAT = "dwarf-with-dsym";
				ENABLE_NS_ASSERTIONS = NO;
				ENABLE_STRICT_OBJC_MSGSEND = YES;
				ENABLE_USER_SCRIPT_SANDBOXING = YES;
				GCC_C_LANGUAGE_STANDARD = gnu17;
				GCC_NO_COMMON_BLOCKS = YES;
				GCC_WARN_64_TO_32_BIT_CONVERSION = YES;
				GCC_WARN_ABOUT_RETURN_TYPE = YES_ERROR;
				GCC_WARN_UNDECLARED_SELECTOR = YES;
				GCC_WARN_UNINITIALIZED_AUTOS = YES_AGGRESSIVE;
				GCC_WARN_UNUSED_FUNCTION = YES;
				GCC_WARN_UNUSED_VARIABLE = YES;
				IPHONEOS_DEPLOYMENT_TARGET = 17.5;
				LOCALIZATION_PREFERS_STRING_CATALOGS = YES;
				MTL_ENABLE_DEBUG_INFO = NO;
				MTL_FAST_MATH = YES;
				SDKROOT = iphoneos;
				SWIFT_COMPILATION_MODE = wholemodule;
				VALIDATE_PRODUCT = YES;
			};
			name = Release;
		};
		EF1792F22CA73FAD00E9D691 /* Debug */ = {
			isa = XCBuildConfiguration;
			buildSettings = {
				ASSETCATALOG_COMPILER_APPICON_NAME = AppIcon;
				ASSETCATALOG_COMPILER_GLOBAL_ACCENT_COLOR_NAME = AccentColor;
				CODE_SIGN_STYLE = Automatic;
				CURRENT_PROJECT_VERSION = 1;
				DEVELOPMENT_ASSET_PATHS = "\"NursingHomeLoginPage0927SwiftUI/Preview Content\"";
				DEVELOPMENT_TEAM = 2VC6YTM2SL;
				ENABLE_PREVIEWS = YES;
				GENERATE_INFOPLIST_FILE = YES;
				INFOPLIST_FILE = NursingHomeLoginPage0927SwiftUI/Info.plist;
				INFOPLIST_KEY_NSLocationWhenInUseUsageDescription = "We need the location to fetch weather";
				INFOPLIST_KEY_UIApplicationSceneManifest_Generation = YES;
				INFOPLIST_KEY_UIApplicationSupportsIndirectInputEvents = YES;
				INFOPLIST_KEY_UILaunchScreen_Generation = YES;
				INFOPLIST_KEY_UISupportedInterfaceOrientations_iPad = "UIInterfaceOrientationPortrait UIInterfaceOrientationPortraitUpsideDown UIInterfaceOrientationLandscapeLeft UIInterfaceOrientationLandscapeRight";
				INFOPLIST_KEY_UISupportedInterfaceOrientations_iPhone = "UIInterfaceOrientationPortrait UIInterfaceOrientationLandscapeLeft UIInterfaceOrientationLandscapeRight";
				LD_RUNPATH_SEARCH_PATHS = (
					"$(inherited)",
					"@executable_path/Frameworks",
				);
				MARKETING_VERSION = 1.0;
				PRODUCT_BUNDLE_IDENTIFIER = compinghe.NursingHomeLogin;
				PRODUCT_NAME = "$(TARGET_NAME)";
				SWIFT_EMIT_LOC_STRINGS = YES;
				SWIFT_VERSION = 5.0;
				TARGETED_DEVICE_FAMILY = "1,2";
			};
			name = Debug;
		};
		EF1792F32CA73FAD00E9D691 /* Release */ = {
			isa = XCBuildConfiguration;
			buildSettings = {
				ASSETCATALOG_COMPILER_APPICON_NAME = AppIcon;
				ASSETCATALOG_COMPILER_GLOBAL_ACCENT_COLOR_NAME = AccentColor;
				CODE_SIGN_STYLE = Automatic;
				CURRENT_PROJECT_VERSION = 1;
				DEVELOPMENT_ASSET_PATHS = "\"NursingHomeLoginPage0927SwiftUI/Preview Content\"";
				DEVELOPMENT_TEAM = 2VC6YTM2SL;
				ENABLE_PREVIEWS = YES;
				GENERATE_INFOPLIST_FILE = YES;
				INFOPLIST_FILE = NursingHomeLoginPage0927SwiftUI/Info.plist;
				INFOPLIST_KEY_NSLocationWhenInUseUsageDescription = "We need the location to fetch weather";
				INFOPLIST_KEY_UIApplicationSceneManifest_Generation = YES;
				INFOPLIST_KEY_UIApplicationSupportsIndirectInputEvents = YES;
				INFOPLIST_KEY_UILaunchScreen_Generation = YES;
				INFOPLIST_KEY_UISupportedInterfaceOrientations_iPad = "UIInterfaceOrientationPortrait UIInterfaceOrientationPortraitUpsideDown UIInterfaceOrientationLandscapeLeft UIInterfaceOrientationLandscapeRight";
				INFOPLIST_KEY_UISupportedInterfaceOrientations_iPhone = "UIInterfaceOrientationPortrait UIInterfaceOrientationLandscapeLeft UIInterfaceOrientationLandscapeRight";
				LD_RUNPATH_SEARCH_PATHS = (
					"$(inherited)",
					"@executable_path/Frameworks",
				);
				MARKETING_VERSION = 1.0;
				PRODUCT_BUNDLE_IDENTIFIER = compinghe.NursingHomeLogin;
				PRODUCT_NAME = "$(TARGET_NAME)";
				SWIFT_EMIT_LOC_STRINGS = YES;
				SWIFT_VERSION = 5.0;
				TARGETED_DEVICE_FAMILY = "1,2";
			};
			name = Release;
		};
/* End XCBuildConfiguration section */

/* Begin XCConfigurationList section */
		EF1792DE2CA73FAD00E9D691 /* Build configuration list for PBXProject "NursingHomeLoginPage0927SwiftUI" */ = {
			isa = XCConfigurationList;
			buildConfigurations = (
				EF1792EF2CA73FAD00E9D691 /* Debug */,
				EF1792F02CA73FAD00E9D691 /* Release */,
			);
			defaultConfigurationIsVisible = 0;
			defaultConfigurationName = Release;
		};
		EF1792F12CA73FAD00E9D691 /* Build configuration list for PBXNativeTarget "NursingHomeLoginPage0927SwiftUI" */ = {
			isa = XCConfigurationList;
			buildConfigurations = (
				EF1792F22CA73FAD00E9D691 /* Debug */,
				EF1792F32CA73FAD00E9D691 /* Release */,
			);
			defaultConfigurationIsVisible = 0;
			defaultConfigurationName = Release;
		};
/* End XCConfigurationList section */

/* Begin XCRemoteSwiftPackageReference section */
		EF1793092CA757C400E9D691 /* XCRemoteSwiftPackageReference "firebase-ios-sdk" */ = {
			isa = XCRemoteSwiftPackageReference;
			repositoryURL = "https://github.com/firebase/firebase-ios-sdk";
			requirement = {
				kind = upToNextMajorVersion;
				minimumVersion = 11.2.0;
			};
		};
/* End XCRemoteSwiftPackageReference section */

/* Begin XCSwiftPackageProductDependency section */
		EF17930A2CA757C400E9D691 /* FirebaseAuth */ = {
			isa = XCSwiftPackageProductDependency;
			package = EF1793092CA757C400E9D691 /* XCRemoteSwiftPackageReference "firebase-ios-sdk" */;
			productName = FirebaseAuth;
		};
		EF17930C2CA757C400E9D691 /* FirebaseFirestore */ = {
			isa = XCSwiftPackageProductDependency;
			package = EF1793092CA757C400E9D691 /* XCRemoteSwiftPackageReference "firebase-ios-sdk" */;
			productName = FirebaseFirestore;
		};
		EF17930E2CA757C400E9D691 /* FirebaseStorage */ = {
			isa = XCSwiftPackageProductDependency;
			package = EF1793092CA757C400E9D691 /* XCRemoteSwiftPackageReference "firebase-ios-sdk" */;
			productName = FirebaseStorage;
		};
/* End XCSwiftPackageProductDependency section */
	};
	rootObject = EF1792DB2CA73FAD00E9D691 /* Project object */;
}
